
Microsoft Visual Studio Solution File, Format Version 12.00
# Visual Studio Version 17
VisualStudioVersion = 17.14.36301.6 d17.14
MinimumVisualStudioVersion = 10.0.40219.1
Project("{FAE04EC0-301F-11D3-BF4B-00C04F79EFBC}") = "projeto", "projeto.csproj", "{2A75514C-4265-4B93-9066-0E82926E5FF3}"
EndProject
Global
	GlobalSection(SolutionConfigurationPlatforms) = preSolution
		Debug|Any CPU = Debug|Any CPU
		Release|Any CPU = Release|Any CPU
	EndGlobalSection
	GlobalSection(ProjectConfigurationPlatforms) = postSolution
		{2A75514C-4265-4B93-9066-0E82926E5FF3}.Debug|Any CPU.ActiveCfg = Debug|Any CPU
		{2A75514C-4265-4B93-9066-0E82926E5FF3}.Debug|Any CPU.Build.0 = Debug|Any CPU
		{2A75514C-4265-4B93-9066-0E82926E5FF3}.Release|Any CPU.ActiveCfg = Release|Any CPU
		{2A75514C-4265-4B93-9066-0E82926E5FF3}.Release|Any CPU.Build.0 = Release|Any CPU
	EndGlobalSection
	GlobalSection(SolutionProperties) = preSolution
		HideSolutionNode = FALSE
	EndGlobalSection
	GlobalSection(ExtensibilityGlobals) = postSolution
		SolutionGuid = {39EA90F8-D285-4F28-B635-5C4ED4BBA6D3}
	EndGlobalSection
EndGlobal
